// !$*UTF8*$!
{
	archiveVersion = 1;
	classes = {
	};
	objectVersion = 50;
	objects = {

/* Begin PBXBuildFile section */
		239DCB9B2343763D00F0CD95 /* UIViewExtensionsTests.swift in Sources */ = {isa = PBXBuildFile; fileRef = 239DCB9A2343763D00F0CD95 /* UIViewExtensionsTests.swift */; };
		239DCB9F2344874C00F0CD95 /* Timeline.storyboard in Resources */ = {isa = PBXBuildFile; fileRef = 239DCB9E2344874C00F0CD95 /* Timeline.storyboard */; };
		239DCBA12344895600F0CD95 /* Map.storyboard in Resources */ = {isa = PBXBuildFile; fileRef = 239DCBA02344895600F0CD95 /* Map.storyboard */; };
		2A0C8FBE226B9F6A003F8937 /* Schedule.swift in Sources */ = {isa = PBXBuildFile; fileRef = 2A0C8FBD226B9F6A003F8937 /* Schedule.swift */; };
		2A0C8FC1226BA17B003F8937 /* DataManager.swift in Sources */ = {isa = PBXBuildFile; fileRef = 2A0C8FC0226BA17B003F8937 /* DataManager.swift */; };
		2A0C8FC3226BA210003F8937 /* APIManager.swift in Sources */ = {isa = PBXBuildFile; fileRef = 2A0C8FC2226BA210003F8937 /* APIManager.swift */; };
		2A0C8FC5226BA218003F8937 /* CacheManager.swift in Sources */ = {isa = PBXBuildFile; fileRef = 2A0C8FC4226BA218003F8937 /* CacheManager.swift */; };
		2A0C8FC8226BA741003F8937 /* FileManaging.swift in Sources */ = {isa = PBXBuildFile; fileRef = 2A0C8FC7226BA741003F8937 /* FileManaging.swift */; };
		2A0C8FD1226D13FE003F8937 /* ScheduleCell.swift in Sources */ = {isa = PBXBuildFile; fileRef = 2A0C8FD0226D13FE003F8937 /* ScheduleCell.swift */; };
		2A0C8FD3226D1667003F8937 /* UIViewExtensions.swift in Sources */ = {isa = PBXBuildFile; fileRef = 2A0C8FD2226D1667003F8937 /* UIViewExtensions.swift */; };
		2A0C8FD7226D1C97003F8937 /* ScheduleHeaderCell.swift in Sources */ = {isa = PBXBuildFile; fileRef = 2A0C8FD6226D1C97003F8937 /* ScheduleHeaderCell.swift */; };
		2A0C8FDB226DD9C4003F8937 /* ScheduleFooterCell.swift in Sources */ = {isa = PBXBuildFile; fileRef = 2A0C8FDA226DD9C4003F8937 /* ScheduleFooterCell.swift */; };
		2A0C8FDE226DE030003F8937 /* Theme.xcassets in Resources */ = {isa = PBXBuildFile; fileRef = 2A0C8FDD226DE030003F8937 /* Theme.xcassets */; };
		2A41CEC122C23B900001DA4F /* mentors.json in Resources */ = {isa = PBXBuildFile; fileRef = 2A41CEC022C23B900001DA4F /* mentors.json */; };
		2A5BE94B22BA8B270062D868 /* MentorCollectionView.swift in Sources */ = {isa = PBXBuildFile; fileRef = 2A5BE94A22BA8B270062D868 /* MentorCollectionView.swift */; };
		2A5BE94D22BA8B890062D868 /* MentorCollectionViewCell.swift in Sources */ = {isa = PBXBuildFile; fileRef = 2A5BE94C22BA8B890062D868 /* MentorCollectionViewCell.swift */; };
		2A7BD1B822C418CB0081DCC1 /* JSONHelper.swift in Sources */ = {isa = PBXBuildFile; fileRef = 2A7BD1B722C418CB0081DCC1 /* JSONHelper.swift */; };
		2A8863D122BBF06000B4CE86 /* Reachability.swift in Sources */ = {isa = PBXBuildFile; fileRef = 2A8863D022BBF06000B4CE86 /* Reachability.swift */; };
		2A8F7CDD229D1C5A00874B09 /* Mentor.swift in Sources */ = {isa = PBXBuildFile; fileRef = 2A8F7CDC229D1C5A00874B09 /* Mentor.swift */; };
		2A8F7CE5229D3D1D00874B09 /* CardViewController.swift in Sources */ = {isa = PBXBuildFile; fileRef = 2A8F7CE4229D3D1D00874B09 /* CardViewController.swift */; };
		2A96CAFB22AAA26E004CED66 /* MapPolygon.swift in Sources */ = {isa = PBXBuildFile; fileRef = 2A96CAFA22AAA26E004CED66 /* MapPolygon.swift */; };
		2A96CAFD22AAB49E004CED66 /* Theme.swift in Sources */ = {isa = PBXBuildFile; fileRef = 2A96CAFC22AAB49E004CED66 /* Theme.swift */; };
		2A9D2ABF22A3E84E00AC960D /* ConcurrentCell.swift in Sources */ = {isa = PBXBuildFile; fileRef = 2A9D2ABE22A3E84E00AC960D /* ConcurrentCell.swift */; };
		2A9D2AC422A3FD0700AC960D /* MentorManager.swift in Sources */ = {isa = PBXBuildFile; fileRef = 2A9D2AC322A3FD0700AC960D /* MentorManager.swift */; };
		2AA81FDA22B6E708001F3A58 /* APIManagerTests.swift in Sources */ = {isa = PBXBuildFile; fileRef = 2AA81FD922B6E708001F3A58 /* APIManagerTests.swift */; };
		2AA81FDC22B6E74D001F3A58 /* URLSessionMock.swift in Sources */ = {isa = PBXBuildFile; fileRef = 2AA81FDB22B6E74D001F3A58 /* URLSessionMock.swift */; };
		2AA81FDE22B83850001F3A58 /* APIManagerMock.swift in Sources */ = {isa = PBXBuildFile; fileRef = 2AA81FDD22B83850001F3A58 /* APIManagerMock.swift */; };
		2ABBDD84226FA1C300D4212C /* SwiftIslandTests.swift in Sources */ = {isa = PBXBuildFile; fileRef = 2ABBDD83226FA1C300D4212C /* SwiftIslandTests.swift */; };
		2ABBDD8D226FA28000D4212C /* DataManagerTests.swift in Sources */ = {isa = PBXBuildFile; fileRef = 2ABBDD8C226FA28000D4212C /* DataManagerTests.swift */; };
		2ABBDD90226FA2B600D4212C /* CacheManagerMock.swift in Sources */ = {isa = PBXBuildFile; fileRef = 2ABBDD8F226FA2B600D4212C /* CacheManagerMock.swift */; };
		2ABEC08222B97A3300C0C8A5 /* DataWriter.swift in Sources */ = {isa = PBXBuildFile; fileRef = 2ABEC08122B97A3300C0C8A5 /* DataWriter.swift */; };
		2ABEC08422B97A4300C0C8A5 /* DataWriterMock.swift in Sources */ = {isa = PBXBuildFile; fileRef = 2ABEC08322B97A4300C0C8A5 /* DataWriterMock.swift */; };
		2ABEC0B722B9925400C0C8A5 /* WorkSans-Regular.ttf in Resources */ = {isa = PBXBuildFile; fileRef = 2ABEC0AD22B9925400C0C8A5 /* WorkSans-Regular.ttf */; };
		2ABEC0B822B9925400C0C8A5 /* WorkSans-Light.ttf in Resources */ = {isa = PBXBuildFile; fileRef = 2ABEC0AE22B9925400C0C8A5 /* WorkSans-Light.ttf */; };
		2ABEC0B922B9925400C0C8A5 /* WorkSans-ExtraBold.ttf in Resources */ = {isa = PBXBuildFile; fileRef = 2ABEC0AF22B9925400C0C8A5 /* WorkSans-ExtraBold.ttf */; };
		2ABEC0BA22B9925400C0C8A5 /* WorkSans-ExtraLight.ttf in Resources */ = {isa = PBXBuildFile; fileRef = 2ABEC0B022B9925400C0C8A5 /* WorkSans-ExtraLight.ttf */; };
		2ABEC0BB22B9925400C0C8A5 /* WorkSans-Medium.ttf in Resources */ = {isa = PBXBuildFile; fileRef = 2ABEC0B122B9925400C0C8A5 /* WorkSans-Medium.ttf */; };
		2ABEC0BC22B9925400C0C8A5 /* WorkSans-SemiBold.ttf in Resources */ = {isa = PBXBuildFile; fileRef = 2ABEC0B222B9925400C0C8A5 /* WorkSans-SemiBold.ttf */; };
		2ABEC0BD22B9925400C0C8A5 /* OFL.txt in Resources */ = {isa = PBXBuildFile; fileRef = 2ABEC0B322B9925400C0C8A5 /* OFL.txt */; };
		2ABEC0BE22B9925400C0C8A5 /* WorkSans-Thin.ttf in Resources */ = {isa = PBXBuildFile; fileRef = 2ABEC0B422B9925400C0C8A5 /* WorkSans-Thin.ttf */; };
		2ABEC0BF22B9925400C0C8A5 /* WorkSans-Black.ttf in Resources */ = {isa = PBXBuildFile; fileRef = 2ABEC0B522B9925400C0C8A5 /* WorkSans-Black.ttf */; };
		2ABEC0C022B9925400C0C8A5 /* WorkSans-Bold.ttf in Resources */ = {isa = PBXBuildFile; fileRef = 2ABEC0B622B9925400C0C8A5 /* WorkSans-Bold.ttf */; };
		2ABEC0C222B996DE00C0C8A5 /* CountdownViewController.swift in Sources */ = {isa = PBXBuildFile; fileRef = 2ABEC0C122B996DE00C0C8A5 /* CountdownViewController.swift */; };
		2ACB133B229BA44F0072BB1D /* MentorCardViewController.swift in Sources */ = {isa = PBXBuildFile; fileRef = 2ACB133A229BA44F0072BB1D /* MentorCardViewController.swift */; };
		2AD36FE1225E830800AF7542 /* AppDelegate.swift in Sources */ = {isa = PBXBuildFile; fileRef = 2AD36FE0225E830800AF7542 /* AppDelegate.swift */; };
		2AD36FE6225E830800AF7542 /* Main.storyboard in Resources */ = {isa = PBXBuildFile; fileRef = 2AD36FE4225E830800AF7542 /* Main.storyboard */; };
		2AD36FE8225E830A00AF7542 /* Assets.xcassets in Resources */ = {isa = PBXBuildFile; fileRef = 2AD36FE7225E830A00AF7542 /* Assets.xcassets */; };
		2AD36FEB225E830A00AF7542 /* LaunchScreen.storyboard in Resources */ = {isa = PBXBuildFile; fileRef = 2AD36FE9225E830A00AF7542 /* LaunchScreen.storyboard */; };
		2AD36FF5225E84F400AF7542 /* TimelineViewController.swift in Sources */ = {isa = PBXBuildFile; fileRef = 2AD36FF4225E84F400AF7542 /* TimelineViewController.swift */; };
		2ADD085922ADA58000A90D1E /* CacheManagerTests.swift in Sources */ = {isa = PBXBuildFile; fileRef = 2ADD085822ADA58000A90D1E /* CacheManagerTests.swift */; };
		2ADD085B22ADA5F100A90D1E /* FileManagerMock.swift in Sources */ = {isa = PBXBuildFile; fileRef = 2ADD085A22ADA5F100A90D1E /* FileManagerMock.swift */; };
		2ADD085D22ADA6E200A90D1E /* BundleMock.swift in Sources */ = {isa = PBXBuildFile; fileRef = 2ADD085C22ADA6E200A90D1E /* BundleMock.swift */; };
		2ADD085F22ADABFA00A90D1E /* CollectionExtension.swift in Sources */ = {isa = PBXBuildFile; fileRef = 2ADD085E22ADABFA00A90D1E /* CollectionExtension.swift */; };
		2ADD086322ADADBF00A90D1E /* ThemeTests.swift in Sources */ = {isa = PBXBuildFile; fileRef = 2ADD086222ADADBF00A90D1E /* ThemeTests.swift */; };
		2ADD086622ADAF7400A90D1E /* AreaTests.swift in Sources */ = {isa = PBXBuildFile; fileRef = 2ADD086522ADAF7400A90D1E /* AreaTests.swift */; };
		2ADD086922ADAFE100A90D1E /* Area_valid.json in Resources */ = {isa = PBXBuildFile; fileRef = 2ADD086822ADAFE100A90D1E /* Area_valid.json */; };
		2ADD086B22ADB01400A90D1E /* TestDataManager.swift in Sources */ = {isa = PBXBuildFile; fileRef = 2ADD086A22ADB01400A90D1E /* TestDataManager.swift */; };
		2AF63104226DE96D00509053 /* MapViewController.swift in Sources */ = {isa = PBXBuildFile; fileRef = 2AF63103226DE96D00509053 /* MapViewController.swift */; };
		2AF63107226E5CA300509053 /* Area.swift in Sources */ = {isa = PBXBuildFile; fileRef = 2AF63106226E5CA300509053 /* Area.swift */; };
		4555A97923476EFE006B4DDC /* MKCoordinateRegionExtension.swift in Sources */ = {isa = PBXBuildFile; fileRef = 4555A97823476EFE006B4DDC /* MKCoordinateRegionExtension.swift */; };
		ED8C140122C2063900E6DE6E /* Mentor.storyboard in Resources */ = {isa = PBXBuildFile; fileRef = ED8C140022C2063900E6DE6E /* Mentor.storyboard */; };
/* End PBXBuildFile section */

/* Begin PBXContainerItemProxy section */
		2ABBDD86226FA1C300D4212C /* PBXContainerItemProxy */ = {
			isa = PBXContainerItemProxy;
			containerPortal = 2AD36FD5225E830800AF7542 /* Project object */;
			proxyType = 1;
			remoteGlobalIDString = 2AD36FDC225E830800AF7542;
			remoteInfo = SwiftIsland;
		};
/* End PBXContainerItemProxy section */

/* Begin PBXFileReference section */
		239DCB9A2343763D00F0CD95 /* UIViewExtensionsTests.swift */ = {isa = PBXFileReference; lastKnownFileType = sourcecode.swift; path = UIViewExtensionsTests.swift; sourceTree = "<group>"; };
		239DCB9E2344874C00F0CD95 /* Timeline.storyboard */ = {isa = PBXFileReference; lastKnownFileType = file.storyboard; path = Timeline.storyboard; sourceTree = "<group>"; };
		239DCBA02344895600F0CD95 /* Map.storyboard */ = {isa = PBXFileReference; lastKnownFileType = file.storyboard; path = Map.storyboard; sourceTree = "<group>"; };
		2A0C8FBD226B9F6A003F8937 /* Schedule.swift */ = {isa = PBXFileReference; lastKnownFileType = sourcecode.swift; path = Schedule.swift; sourceTree = "<group>"; };
		2A0C8FC0226BA17B003F8937 /* DataManager.swift */ = {isa = PBXFileReference; lastKnownFileType = sourcecode.swift; path = DataManager.swift; sourceTree = "<group>"; };
		2A0C8FC2226BA210003F8937 /* APIManager.swift */ = {isa = PBXFileReference; lastKnownFileType = sourcecode.swift; path = APIManager.swift; sourceTree = "<group>"; };
		2A0C8FC4226BA218003F8937 /* CacheManager.swift */ = {isa = PBXFileReference; lastKnownFileType = sourcecode.swift; path = CacheManager.swift; sourceTree = "<group>"; };
		2A0C8FC7226BA741003F8937 /* FileManaging.swift */ = {isa = PBXFileReference; lastKnownFileType = sourcecode.swift; path = FileManaging.swift; sourceTree = "<group>"; };
		2A0C8FD0226D13FE003F8937 /* ScheduleCell.swift */ = {isa = PBXFileReference; lastKnownFileType = sourcecode.swift; path = ScheduleCell.swift; sourceTree = "<group>"; };
		2A0C8FD2226D1667003F8937 /* UIViewExtensions.swift */ = {isa = PBXFileReference; lastKnownFileType = sourcecode.swift; path = UIViewExtensions.swift; sourceTree = "<group>"; };
		2A0C8FD6226D1C97003F8937 /* ScheduleHeaderCell.swift */ = {isa = PBXFileReference; lastKnownFileType = sourcecode.swift; path = ScheduleHeaderCell.swift; sourceTree = "<group>"; };
		2A0C8FDA226DD9C4003F8937 /* ScheduleFooterCell.swift */ = {isa = PBXFileReference; lastKnownFileType = sourcecode.swift; path = ScheduleFooterCell.swift; sourceTree = "<group>"; };
		2A0C8FDD226DE030003F8937 /* Theme.xcassets */ = {isa = PBXFileReference; lastKnownFileType = folder.assetcatalog; path = Theme.xcassets; sourceTree = "<group>"; };
		2A41CEC022C23B900001DA4F /* mentors.json */ = {isa = PBXFileReference; lastKnownFileType = text.json; path = mentors.json; sourceTree = "<group>"; };
		2A5BE94A22BA8B270062D868 /* MentorCollectionView.swift */ = {isa = PBXFileReference; lastKnownFileType = sourcecode.swift; path = MentorCollectionView.swift; sourceTree = "<group>"; };
		2A5BE94C22BA8B890062D868 /* MentorCollectionViewCell.swift */ = {isa = PBXFileReference; lastKnownFileType = sourcecode.swift; path = MentorCollectionViewCell.swift; sourceTree = "<group>"; };
		2A7BD1B722C418CB0081DCC1 /* JSONHelper.swift */ = {isa = PBXFileReference; lastKnownFileType = sourcecode.swift; path = JSONHelper.swift; sourceTree = "<group>"; };
		2A8863D022BBF06000B4CE86 /* Reachability.swift */ = {isa = PBXFileReference; lastKnownFileType = sourcecode.swift; path = Reachability.swift; sourceTree = "<group>"; };
		2A8F7CDC229D1C5A00874B09 /* Mentor.swift */ = {isa = PBXFileReference; lastKnownFileType = sourcecode.swift; path = Mentor.swift; sourceTree = "<group>"; };
		2A8F7CE4229D3D1D00874B09 /* CardViewController.swift */ = {isa = PBXFileReference; lastKnownFileType = sourcecode.swift; path = CardViewController.swift; sourceTree = "<group>"; };
		2A96CAFA22AAA26E004CED66 /* MapPolygon.swift */ = {isa = PBXFileReference; lastKnownFileType = sourcecode.swift; path = MapPolygon.swift; sourceTree = "<group>"; };
		2A96CAFC22AAB49E004CED66 /* Theme.swift */ = {isa = PBXFileReference; lastKnownFileType = sourcecode.swift; path = Theme.swift; sourceTree = "<group>"; };
		2A9D2ABE22A3E84E00AC960D /* ConcurrentCell.swift */ = {isa = PBXFileReference; lastKnownFileType = sourcecode.swift; path = ConcurrentCell.swift; sourceTree = "<group>"; };
		2A9D2AC322A3FD0700AC960D /* MentorManager.swift */ = {isa = PBXFileReference; lastKnownFileType = sourcecode.swift; path = MentorManager.swift; sourceTree = "<group>"; };
		2AA81FD922B6E708001F3A58 /* APIManagerTests.swift */ = {isa = PBXFileReference; lastKnownFileType = sourcecode.swift; path = APIManagerTests.swift; sourceTree = "<group>"; };
		2AA81FDB22B6E74D001F3A58 /* URLSessionMock.swift */ = {isa = PBXFileReference; fileEncoding = 4; lastKnownFileType = sourcecode.swift; path = URLSessionMock.swift; sourceTree = "<group>"; };
		2AA81FDD22B83850001F3A58 /* APIManagerMock.swift */ = {isa = PBXFileReference; lastKnownFileType = sourcecode.swift; path = APIManagerMock.swift; sourceTree = "<group>"; };
		2ABBDD81226FA1C300D4212C /* SwiftIslandTests.xctest */ = {isa = PBXFileReference; explicitFileType = wrapper.cfbundle; includeInIndex = 0; path = SwiftIslandTests.xctest; sourceTree = BUILT_PRODUCTS_DIR; };
		2ABBDD83226FA1C300D4212C /* SwiftIslandTests.swift */ = {isa = PBXFileReference; lastKnownFileType = sourcecode.swift; path = SwiftIslandTests.swift; sourceTree = "<group>"; };
		2ABBDD85226FA1C300D4212C /* Info.plist */ = {isa = PBXFileReference; lastKnownFileType = text.plist.xml; path = Info.plist; sourceTree = "<group>"; };
		2ABBDD8C226FA28000D4212C /* DataManagerTests.swift */ = {isa = PBXFileReference; lastKnownFileType = sourcecode.swift; path = DataManagerTests.swift; sourceTree = "<group>"; };
		2ABBDD8F226FA2B600D4212C /* CacheManagerMock.swift */ = {isa = PBXFileReference; lastKnownFileType = sourcecode.swift; path = CacheManagerMock.swift; sourceTree = "<group>"; };
		2ABEC08122B97A3300C0C8A5 /* DataWriter.swift */ = {isa = PBXFileReference; lastKnownFileType = sourcecode.swift; path = DataWriter.swift; sourceTree = "<group>"; };
		2ABEC08322B97A4300C0C8A5 /* DataWriterMock.swift */ = {isa = PBXFileReference; lastKnownFileType = sourcecode.swift; path = DataWriterMock.swift; sourceTree = "<group>"; };
		2ABEC0AD22B9925400C0C8A5 /* WorkSans-Regular.ttf */ = {isa = PBXFileReference; lastKnownFileType = file; path = "WorkSans-Regular.ttf"; sourceTree = "<group>"; };
		2ABEC0AE22B9925400C0C8A5 /* WorkSans-Light.ttf */ = {isa = PBXFileReference; lastKnownFileType = file; path = "WorkSans-Light.ttf"; sourceTree = "<group>"; };
		2ABEC0AF22B9925400C0C8A5 /* WorkSans-ExtraBold.ttf */ = {isa = PBXFileReference; lastKnownFileType = file; path = "WorkSans-ExtraBold.ttf"; sourceTree = "<group>"; };
		2ABEC0B022B9925400C0C8A5 /* WorkSans-ExtraLight.ttf */ = {isa = PBXFileReference; lastKnownFileType = file; path = "WorkSans-ExtraLight.ttf"; sourceTree = "<group>"; };
		2ABEC0B122B9925400C0C8A5 /* WorkSans-Medium.ttf */ = {isa = PBXFileReference; lastKnownFileType = file; path = "WorkSans-Medium.ttf"; sourceTree = "<group>"; };
		2ABEC0B222B9925400C0C8A5 /* WorkSans-SemiBold.ttf */ = {isa = PBXFileReference; lastKnownFileType = file; path = "WorkSans-SemiBold.ttf"; sourceTree = "<group>"; };
		2ABEC0B322B9925400C0C8A5 /* OFL.txt */ = {isa = PBXFileReference; fileEncoding = 4; lastKnownFileType = text; path = OFL.txt; sourceTree = "<group>"; };
		2ABEC0B422B9925400C0C8A5 /* WorkSans-Thin.ttf */ = {isa = PBXFileReference; lastKnownFileType = file; path = "WorkSans-Thin.ttf"; sourceTree = "<group>"; };
		2ABEC0B522B9925400C0C8A5 /* WorkSans-Black.ttf */ = {isa = PBXFileReference; lastKnownFileType = file; path = "WorkSans-Black.ttf"; sourceTree = "<group>"; };
		2ABEC0B622B9925400C0C8A5 /* WorkSans-Bold.ttf */ = {isa = PBXFileReference; lastKnownFileType = file; path = "WorkSans-Bold.ttf"; sourceTree = "<group>"; };
		2ABEC0C122B996DE00C0C8A5 /* CountdownViewController.swift */ = {isa = PBXFileReference; lastKnownFileType = sourcecode.swift; path = CountdownViewController.swift; sourceTree = "<group>"; };
		2ACB133A229BA44F0072BB1D /* MentorCardViewController.swift */ = {isa = PBXFileReference; lastKnownFileType = sourcecode.swift; path = MentorCardViewController.swift; sourceTree = "<group>"; };
		2AD36FDD225E830800AF7542 /* SwiftIsland.app */ = {isa = PBXFileReference; explicitFileType = wrapper.application; includeInIndex = 0; path = SwiftIsland.app; sourceTree = BUILT_PRODUCTS_DIR; };
		2AD36FE0225E830800AF7542 /* AppDelegate.swift */ = {isa = PBXFileReference; lastKnownFileType = sourcecode.swift; path = AppDelegate.swift; sourceTree = "<group>"; };
		2AD36FE5225E830800AF7542 /* Base */ = {isa = PBXFileReference; lastKnownFileType = file.storyboard; name = Base; path = Base.lproj/Main.storyboard; sourceTree = "<group>"; };
		2AD36FE7225E830A00AF7542 /* Assets.xcassets */ = {isa = PBXFileReference; lastKnownFileType = folder.assetcatalog; path = Assets.xcassets; sourceTree = "<group>"; };
		2AD36FEA225E830A00AF7542 /* Base */ = {isa = PBXFileReference; lastKnownFileType = file.storyboard; name = Base; path = Base.lproj/LaunchScreen.storyboard; sourceTree = "<group>"; };
		2AD36FEC225E830A00AF7542 /* Info.plist */ = {isa = PBXFileReference; lastKnownFileType = text.plist.xml; path = Info.plist; sourceTree = "<group>"; };
		2AD36FF4225E84F400AF7542 /* TimelineViewController.swift */ = {isa = PBXFileReference; lastKnownFileType = sourcecode.swift; path = TimelineViewController.swift; sourceTree = "<group>"; };
		2ADD085822ADA58000A90D1E /* CacheManagerTests.swift */ = {isa = PBXFileReference; lastKnownFileType = sourcecode.swift; path = CacheManagerTests.swift; sourceTree = "<group>"; };
		2ADD085A22ADA5F100A90D1E /* FileManagerMock.swift */ = {isa = PBXFileReference; lastKnownFileType = sourcecode.swift; path = FileManagerMock.swift; sourceTree = "<group>"; };
		2ADD085C22ADA6E200A90D1E /* BundleMock.swift */ = {isa = PBXFileReference; lastKnownFileType = sourcecode.swift; path = BundleMock.swift; sourceTree = "<group>"; };
		2ADD085E22ADABFA00A90D1E /* CollectionExtension.swift */ = {isa = PBXFileReference; lastKnownFileType = sourcecode.swift; path = CollectionExtension.swift; sourceTree = "<group>"; };
		2ADD086222ADADBF00A90D1E /* ThemeTests.swift */ = {isa = PBXFileReference; lastKnownFileType = sourcecode.swift; path = ThemeTests.swift; sourceTree = "<group>"; };
		2ADD086522ADAF7400A90D1E /* AreaTests.swift */ = {isa = PBXFileReference; lastKnownFileType = sourcecode.swift; path = AreaTests.swift; sourceTree = "<group>"; };
		2ADD086822ADAFE100A90D1E /* Area_valid.json */ = {isa = PBXFileReference; lastKnownFileType = text.json; path = Area_valid.json; sourceTree = "<group>"; };
		2ADD086A22ADB01400A90D1E /* TestDataManager.swift */ = {isa = PBXFileReference; lastKnownFileType = sourcecode.swift; path = TestDataManager.swift; sourceTree = "<group>"; };
		2AF63103226DE96D00509053 /* MapViewController.swift */ = {isa = PBXFileReference; lastKnownFileType = sourcecode.swift; path = MapViewController.swift; sourceTree = "<group>"; };
		2AF63106226E5CA300509053 /* Area.swift */ = {isa = PBXFileReference; lastKnownFileType = sourcecode.swift; path = Area.swift; sourceTree = "<group>"; };
		4555A97823476EFE006B4DDC /* MKCoordinateRegionExtension.swift */ = {isa = PBXFileReference; lastKnownFileType = sourcecode.swift; path = MKCoordinateRegionExtension.swift; sourceTree = "<group>"; };
		ED8C140022C2063900E6DE6E /* Mentor.storyboard */ = {isa = PBXFileReference; lastKnownFileType = file.storyboard; path = Mentor.storyboard; sourceTree = "<group>"; };
/* End PBXFileReference section */

/* Begin PBXFrameworksBuildPhase section */
		2ABBDD7E226FA1C300D4212C /* Frameworks */ = {
			isa = PBXFrameworksBuildPhase;
			buildActionMask = 2147483647;
			files = (
			);
			runOnlyForDeploymentPostprocessing = 0;
		};
		2AD36FDA225E830800AF7542 /* Frameworks */ = {
			isa = PBXFrameworksBuildPhase;
			buildActionMask = 2147483647;
			files = (
			);
			runOnlyForDeploymentPostprocessing = 0;
		};
/* End PBXFrameworksBuildPhase section */

/* Begin PBXGroup section */
		239DCB992343762100F0CD95 /* Extensions */ = {
			isa = PBXGroup;
			children = (
				239DCB9A2343763D00F0CD95 /* UIViewExtensionsTests.swift */,
			);
			path = Extensions;
			sourceTree = "<group>";
		};
		2A0C8FBC226B9F5D003F8937 /* Entities */ = {
			isa = PBXGroup;
			children = (
				2A0C8FBD226B9F6A003F8937 /* Schedule.swift */,
				2AF63106226E5CA300509053 /* Area.swift */,
				2A8F7CDC229D1C5A00874B09 /* Mentor.swift */,
			);
			path = Entities;
			sourceTree = "<group>";
		};
		2A0C8FBF226BA16C003F8937 /* Utilities */ = {
			isa = PBXGroup;
			children = (
				2A0C8FC6226BA738003F8937 /* Extensions */,
				2A0C8FC0226BA17B003F8937 /* DataManager.swift */,
				2A0C8FC2226BA210003F8937 /* APIManager.swift */,
				2A0C8FC4226BA218003F8937 /* CacheManager.swift */,
				2ABEC08122B97A3300C0C8A5 /* DataWriter.swift */,
				2A8863D022BBF06000B4CE86 /* Reachability.swift */,
			);
			path = Utilities;
			sourceTree = "<group>";
		};
		2A0C8FC6226BA738003F8937 /* Extensions */ = {
			isa = PBXGroup;
			children = (
				2A0C8FC7226BA741003F8937 /* FileManaging.swift */,
				2A0C8FD2226D1667003F8937 /* UIViewExtensions.swift */,
				2ADD085E22ADABFA00A90D1E /* CollectionExtension.swift */,
			);
			path = Extensions;
			sourceTree = "<group>";
		};
		2A0C8FDC226DE00D003F8937 /* Map */ = {
			isa = PBXGroup;
			children = (
				2AF63103226DE96D00509053 /* MapViewController.swift */,
				2A96CAFA22AAA26E004CED66 /* MapPolygon.swift */,
				239DCBA02344895600F0CD95 /* Map.storyboard */,
			);
			path = Map;
			sourceTree = "<group>";
		};
		2A8F7CE0229D3C6800874B09 /* Mentor */ = {
			isa = PBXGroup;
			children = (
				2ACB133A229BA44F0072BB1D /* MentorCardViewController.swift */,
				2A9D2AC322A3FD0700AC960D /* MentorManager.swift */,
				2A5BE94A22BA8B270062D868 /* MentorCollectionView.swift */,
				2A5BE94C22BA8B890062D868 /* MentorCollectionViewCell.swift */,
				ED8C140022C2063900E6DE6E /* Mentor.storyboard */,
			);
			path = Mentor;
			sourceTree = "<group>";
		};
		2A8F7CE3229D3CA500874B09 /* Helpers */ = {
			isa = PBXGroup;
			children = (
				2A8F7CE4229D3D1D00874B09 /* CardViewController.swift */,
				2A96CAFC22AAB49E004CED66 /* Theme.swift */,
				2A7BD1B722C418CB0081DCC1 /* JSONHelper.swift */,
				4555A97823476EFE006B4DDC /* MKCoordinateRegionExtension.swift */,
			);
			path = Helpers;
			sourceTree = "<group>";
		};
		2A9D2AC222A3E86500AC960D /* Cells */ = {
			isa = PBXGroup;
			children = (
				2A9D2ABE22A3E84E00AC960D /* ConcurrentCell.swift */,
				2A0C8FD0226D13FE003F8937 /* ScheduleCell.swift */,
				2A0C8FDA226DD9C4003F8937 /* ScheduleFooterCell.swift */,
				2A0C8FD6226D1C97003F8937 /* ScheduleHeaderCell.swift */,
			);
			path = Cells;
			sourceTree = "<group>";
		};
		2AA290E5225F1A0400B289BE /* Resources */ = {
			isa = PBXGroup;
			children = (
				2ABEC0AB22B9925400C0C8A5 /* Fonts */,
				2AD36FE7225E830A00AF7542 /* Assets.xcassets */,
				2A0C8FDD226DE030003F8937 /* Theme.xcassets */,
				2A41CEC022C23B900001DA4F /* mentors.json */,
			);
			path = Resources;
			sourceTree = "<group>";
		};
		2ABBDD82226FA1C300D4212C /* SwiftIslandTests */ = {
			isa = PBXGroup;
			children = (
				2ADD086722ADAFCA00A90D1E /* Resources */,
				2ABBDD8E226FA2A700D4212C /* Mocks */,
				2ADD086422ADAF4E00A90D1E /* Entities */,
				2ADD086122ADADAC00A90D1E /* Helpers */,
				2ABBDD8B226FA26C00D4212C /* Utilities */,
				2ABBDD85226FA1C300D4212C /* Info.plist */,
				2ABBDD83226FA1C300D4212C /* SwiftIslandTests.swift */,
			);
			path = SwiftIslandTests;
			sourceTree = "<group>";
		};
		2ABBDD8B226FA26C00D4212C /* Utilities */ = {
			isa = PBXGroup;
			children = (
				239DCB992343762100F0CD95 /* Extensions */,
				2ABBDD8C226FA28000D4212C /* DataManagerTests.swift */,
				2ADD085822ADA58000A90D1E /* CacheManagerTests.swift */,
				2AA81FD922B6E708001F3A58 /* APIManagerTests.swift */,
				2ABEC08322B97A4300C0C8A5 /* DataWriterMock.swift */,
			);
			path = Utilities;
			sourceTree = "<group>";
		};
		2ABBDD8E226FA2A700D4212C /* Mocks */ = {
			isa = PBXGroup;
			children = (
				2AA81FDB22B6E74D001F3A58 /* URLSessionMock.swift */,
				2ABBDD8F226FA2B600D4212C /* CacheManagerMock.swift */,
				2ADD085A22ADA5F100A90D1E /* FileManagerMock.swift */,
				2ADD085C22ADA6E200A90D1E /* BundleMock.swift */,
				2AA81FDD22B83850001F3A58 /* APIManagerMock.swift */,
			);
			path = Mocks;
			sourceTree = "<group>";
		};
		2ABEC0AB22B9925400C0C8A5 /* Fonts */ = {
			isa = PBXGroup;
			children = (
				2ABEC0AC22B9925400C0C8A5 /* Work_Sans */,
			);
			path = Fonts;
			sourceTree = "<group>";
		};
		2ABEC0AC22B9925400C0C8A5 /* Work_Sans */ = {
			isa = PBXGroup;
			children = (
				2ABEC0AD22B9925400C0C8A5 /* WorkSans-Regular.ttf */,
				2ABEC0AE22B9925400C0C8A5 /* WorkSans-Light.ttf */,
				2ABEC0AF22B9925400C0C8A5 /* WorkSans-ExtraBold.ttf */,
				2ABEC0B022B9925400C0C8A5 /* WorkSans-ExtraLight.ttf */,
				2ABEC0B122B9925400C0C8A5 /* WorkSans-Medium.ttf */,
				2ABEC0B222B9925400C0C8A5 /* WorkSans-SemiBold.ttf */,
				2ABEC0B322B9925400C0C8A5 /* OFL.txt */,
				2ABEC0B422B9925400C0C8A5 /* WorkSans-Thin.ttf */,
				2ABEC0B522B9925400C0C8A5 /* WorkSans-Black.ttf */,
				2ABEC0B622B9925400C0C8A5 /* WorkSans-Bold.ttf */,
			);
			path = Work_Sans;
			sourceTree = "<group>";
		};
		2AD36FD4225E830800AF7542 = {
			isa = PBXGroup;
			children = (
				2AD36FDF225E830800AF7542 /* SwiftIsland */,
				2ABBDD82226FA1C300D4212C /* SwiftIslandTests */,
				2AD36FDE225E830800AF7542 /* Products */,
			);
			indentWidth = 2;
			sourceTree = "<group>";
			tabWidth = 2;
		};
		2AD36FDE225E830800AF7542 /* Products */ = {
			isa = PBXGroup;
			children = (
				2AD36FDD225E830800AF7542 /* SwiftIsland.app */,
				2ABBDD81226FA1C300D4212C /* SwiftIslandTests.xctest */,
			);
			name = Products;
			sourceTree = "<group>";
		};
		2AD36FDF225E830800AF7542 /* SwiftIsland */ = {
			isa = PBXGroup;
			children = (
				2A8F7CE3229D3CA500874B09 /* Helpers */,
				2A0C8FBC226B9F5D003F8937 /* Entities */,
				2A0C8FDC226DE00D003F8937 /* Map */,
				2AA290E5225F1A0400B289BE /* Resources */,
				2AD36FF3225E84D300AF7542 /* Timeline */,
				2A8F7CE0229D3C6800874B09 /* Mentor */,
				2A0C8FBF226BA16C003F8937 /* Utilities */,
				2AD36FE0225E830800AF7542 /* AppDelegate.swift */,
				2AD36FEC225E830A00AF7542 /* Info.plist */,
				2AD36FE9225E830A00AF7542 /* LaunchScreen.storyboard */,
				2AD36FE4225E830800AF7542 /* Main.storyboard */,
			);
			path = SwiftIsland;
			sourceTree = "<group>";
		};
		2AD36FF3225E84D300AF7542 /* Timeline */ = {
			isa = PBXGroup;
			children = (
				2A9D2AC222A3E86500AC960D /* Cells */,
				2AD36FF4225E84F400AF7542 /* TimelineViewController.swift */,
				2ABEC0C122B996DE00C0C8A5 /* CountdownViewController.swift */,
				239DCB9E2344874C00F0CD95 /* Timeline.storyboard */,
			);
			path = Timeline;
			sourceTree = "<group>";
		};
		2ADD086122ADADAC00A90D1E /* Helpers */ = {
			isa = PBXGroup;
			children = (
				2ADD086222ADADBF00A90D1E /* ThemeTests.swift */,
			);
			path = Helpers;
			sourceTree = "<group>";
		};
		2ADD086422ADAF4E00A90D1E /* Entities */ = {
			isa = PBXGroup;
			children = (
				2ADD086522ADAF7400A90D1E /* AreaTests.swift */,
			);
			path = Entities;
			sourceTree = "<group>";
		};
		2ADD086722ADAFCA00A90D1E /* Resources */ = {
			isa = PBXGroup;
			children = (
				2ADD086822ADAFE100A90D1E /* Area_valid.json */,
				2ADD086A22ADB01400A90D1E /* TestDataManager.swift */,
			);
			path = Resources;
			sourceTree = "<group>";
		};
/* End PBXGroup section */

/* Begin PBXNativeTarget section */
		2ABBDD80226FA1C300D4212C /* SwiftIslandTests */ = {
			isa = PBXNativeTarget;
			buildConfigurationList = 2ABBDD8A226FA1C300D4212C /* Build configuration list for PBXNativeTarget "SwiftIslandTests" */;
			buildPhases = (
				2ABBDD7D226FA1C300D4212C /* Sources */,
				2ABBDD7E226FA1C300D4212C /* Frameworks */,
				2ABBDD7F226FA1C300D4212C /* Resources */,
			);
			buildRules = (
			);
			dependencies = (
				2ABBDD87226FA1C300D4212C /* PBXTargetDependency */,
			);
			name = SwiftIslandTests;
			productName = SwiftIslandTests;
			productReference = 2ABBDD81226FA1C300D4212C /* SwiftIslandTests.xctest */;
			productType = "com.apple.product-type.bundle.unit-test";
		};
		2AD36FDC225E830800AF7542 /* SwiftIsland */ = {
			isa = PBXNativeTarget;
			buildConfigurationList = 2AD36FEF225E830A00AF7542 /* Build configuration list for PBXNativeTarget "SwiftIsland" */;
			buildPhases = (
				2AD36FD9225E830800AF7542 /* Sources */,
				2AD36FDA225E830800AF7542 /* Frameworks */,
				2AD36FDB225E830800AF7542 /* Resources */,
				2AD842D522C2AED40048B362 /* Run swiftlint */,
			);
			buildRules = (
			);
			dependencies = (
			);
			name = SwiftIsland;
			productName = SwiftIsland;
			productReference = 2AD36FDD225E830800AF7542 /* SwiftIsland.app */;
			productType = "com.apple.product-type.application";
		};
/* End PBXNativeTarget section */

/* Begin PBXProject section */
		2AD36FD5225E830800AF7542 /* Project object */ = {
			isa = PBXProject;
			attributes = {
				LastSwiftUpdateCheck = 1020;
				LastUpgradeCheck = 1020;
				ORGANIZATIONNAME = "AppTrix AB";
				TargetAttributes = {
					2ABBDD80226FA1C300D4212C = {
						CreatedOnToolsVersion = 10.2.1;
						TestTargetID = 2AD36FDC225E830800AF7542;
					};
					2AD36FDC225E830800AF7542 = {
						CreatedOnToolsVersion = 10.2;
					};
				};
			};
			buildConfigurationList = 2AD36FD8225E830800AF7542 /* Build configuration list for PBXProject "SwiftIsland" */;
			compatibilityVersion = "Xcode 9.3";
			developmentRegion = en;
			hasScannedForEncodings = 0;
			knownRegions = (
				en,
				Base,
			);
			mainGroup = 2AD36FD4225E830800AF7542;
			productRefGroup = 2AD36FDE225E830800AF7542 /* Products */;
			projectDirPath = "";
			projectRoot = "";
			targets = (
				2AD36FDC225E830800AF7542 /* SwiftIsland */,
				2ABBDD80226FA1C300D4212C /* SwiftIslandTests */,
			);
		};
/* End PBXProject section */

/* Begin PBXResourcesBuildPhase section */
		2ABBDD7F226FA1C300D4212C /* Resources */ = {
			isa = PBXResourcesBuildPhase;
			buildActionMask = 2147483647;
			files = (
				2ADD086922ADAFE100A90D1E /* Area_valid.json in Resources */,
			);
			runOnlyForDeploymentPostprocessing = 0;
		};
		2AD36FDB225E830800AF7542 /* Resources */ = {
			isa = PBXResourcesBuildPhase;
			buildActionMask = 2147483647;
			files = (
				2ABEC0BF22B9925400C0C8A5 /* WorkSans-Black.ttf in Resources */,
				2AD36FEB225E830A00AF7542 /* LaunchScreen.storyboard in Resources */,
				2ABEC0BD22B9925400C0C8A5 /* OFL.txt in Resources */,
				2ABEC0B822B9925400C0C8A5 /* WorkSans-Light.ttf in Resources */,
				2ABEC0B922B9925400C0C8A5 /* WorkSans-ExtraBold.ttf in Resources */,
				2AD36FE8225E830A00AF7542 /* Assets.xcassets in Resources */,
				2ABEC0BA22B9925400C0C8A5 /* WorkSans-ExtraLight.ttf in Resources */,
				2ABEC0BC22B9925400C0C8A5 /* WorkSans-SemiBold.ttf in Resources */,
				2A0C8FDE226DE030003F8937 /* Theme.xcassets in Resources */,
				2AD36FE6225E830800AF7542 /* Main.storyboard in Resources */,
				2A41CEC122C23B900001DA4F /* mentors.json in Resources */,
				239DCBA12344895600F0CD95 /* Map.storyboard in Resources */,
				2ABEC0BE22B9925400C0C8A5 /* WorkSans-Thin.ttf in Resources */,
				ED8C140122C2063900E6DE6E /* Mentor.storyboard in Resources */,
				2ABEC0BB22B9925400C0C8A5 /* WorkSans-Medium.ttf in Resources */,
				239DCB9F2344874C00F0CD95 /* Timeline.storyboard in Resources */,
				2ABEC0B722B9925400C0C8A5 /* WorkSans-Regular.ttf in Resources */,
				2ABEC0C022B9925400C0C8A5 /* WorkSans-Bold.ttf in Resources */,
			);
			runOnlyForDeploymentPostprocessing = 0;
		};
/* End PBXResourcesBuildPhase section */

/* Begin PBXShellScriptBuildPhase section */
		2AD842D522C2AED40048B362 /* Run swiftlint */ = {
			isa = PBXShellScriptBuildPhase;
			buildActionMask = 2147483647;
			files = (
			);
			inputFileListPaths = (
			);
			inputPaths = (
			);
			name = "Run swiftlint";
			outputFileListPaths = (
			);
			outputPaths = (
			);
			runOnlyForDeploymentPostprocessing = 0;
			shellPath = /bin/sh;
			shellScript = "if which swiftlint >/dev/null; then\nswiftlint\nelse\necho \"warning: SwiftLint not installed, download from https://github.com/realm/SwiftLint\"\nfi\n";
		};
/* End PBXShellScriptBuildPhase section */

/* Begin PBXSourcesBuildPhase section */
		2ABBDD7D226FA1C300D4212C /* Sources */ = {
			isa = PBXSourcesBuildPhase;
			buildActionMask = 2147483647;
			files = (
				2ABEC08422B97A4300C0C8A5 /* DataWriterMock.swift in Sources */,
				2ADD086B22ADB01400A90D1E /* TestDataManager.swift in Sources */,
				2ADD085922ADA58000A90D1E /* CacheManagerTests.swift in Sources */,
				2ADD085D22ADA6E200A90D1E /* BundleMock.swift in Sources */,
				2ABBDD84226FA1C300D4212C /* SwiftIslandTests.swift in Sources */,
				2AA81FDA22B6E708001F3A58 /* APIManagerTests.swift in Sources */,
				2ABBDD90226FA2B600D4212C /* CacheManagerMock.swift in Sources */,
				2AA81FDE22B83850001F3A58 /* APIManagerMock.swift in Sources */,
				239DCB9B2343763D00F0CD95 /* UIViewExtensionsTests.swift in Sources */,
				2AA81FDC22B6E74D001F3A58 /* URLSessionMock.swift in Sources */,
				2ADD086322ADADBF00A90D1E /* ThemeTests.swift in Sources */,
				2ABBDD8D226FA28000D4212C /* DataManagerTests.swift in Sources */,
				2ADD086622ADAF7400A90D1E /* AreaTests.swift in Sources */,
				2ADD085B22ADA5F100A90D1E /* FileManagerMock.swift in Sources */,
			);
			runOnlyForDeploymentPostprocessing = 0;
		};
		2AD36FD9225E830800AF7542 /* Sources */ = {
			isa = PBXSourcesBuildPhase;
			buildActionMask = 2147483647;
			files = (
				2A0C8FBE226B9F6A003F8937 /* Schedule.swift in Sources */,
				2A9D2AC422A3FD0700AC960D /* MentorManager.swift in Sources */,
				2A0C8FC1226BA17B003F8937 /* DataManager.swift in Sources */,
				2A96CAFD22AAB49E004CED66 /* Theme.swift in Sources */,
				2A9D2ABF22A3E84E00AC960D /* ConcurrentCell.swift in Sources */,
				2ADD085F22ADABFA00A90D1E /* CollectionExtension.swift in Sources */,
				2A96CAFB22AAA26E004CED66 /* MapPolygon.swift in Sources */,
				2A8863D122BBF06000B4CE86 /* Reachability.swift in Sources */,
				2A0C8FDB226DD9C4003F8937 /* ScheduleFooterCell.swift in Sources */,
				2A0C8FD1226D13FE003F8937 /* ScheduleCell.swift in Sources */,
				2A0C8FC8226BA741003F8937 /* FileManaging.swift in Sources */,
				2ABEC08222B97A3300C0C8A5 /* DataWriter.swift in Sources */,
				2ABEC0C222B996DE00C0C8A5 /* CountdownViewController.swift in Sources */,
				2AF63104226DE96D00509053 /* MapViewController.swift in Sources */,
				2A0C8FC3226BA210003F8937 /* APIManager.swift in Sources */,
				2A5BE94B22BA8B270062D868 /* MentorCollectionView.swift in Sources */,
				2AF63107226E5CA300509053 /* Area.swift in Sources */,
				2ACB133B229BA44F0072BB1D /* MentorCardViewController.swift in Sources */,
				2AD36FE1225E830800AF7542 /* AppDelegate.swift in Sources */,
				4555A97923476EFE006B4DDC /* MKCoordinateRegionExtension.swift in Sources */,
				2A0C8FC5226BA218003F8937 /* CacheManager.swift in Sources */,
				2A8F7CDD229D1C5A00874B09 /* Mentor.swift in Sources */,
				2A7BD1B822C418CB0081DCC1 /* JSONHelper.swift in Sources */,
				2A5BE94D22BA8B890062D868 /* MentorCollectionViewCell.swift in Sources */,
				2A8F7CE5229D3D1D00874B09 /* CardViewController.swift in Sources */,
				2A0C8FD3226D1667003F8937 /* UIViewExtensions.swift in Sources */,
				2AD36FF5225E84F400AF7542 /* TimelineViewController.swift in Sources */,
				2A0C8FD7226D1C97003F8937 /* ScheduleHeaderCell.swift in Sources */,
			);
			runOnlyForDeploymentPostprocessing = 0;
		};
/* End PBXSourcesBuildPhase section */

/* Begin PBXTargetDependency section */
		2ABBDD87226FA1C300D4212C /* PBXTargetDependency */ = {
			isa = PBXTargetDependency;
			target = 2AD36FDC225E830800AF7542 /* SwiftIsland */;
			targetProxy = 2ABBDD86226FA1C300D4212C /* PBXContainerItemProxy */;
		};
/* End PBXTargetDependency section */

/* Begin PBXVariantGroup section */
		2AD36FE4225E830800AF7542 /* Main.storyboard */ = {
			isa = PBXVariantGroup;
			children = (
				2AD36FE5225E830800AF7542 /* Base */,
			);
			name = Main.storyboard;
			sourceTree = "<group>";
		};
		2AD36FE9225E830A00AF7542 /* LaunchScreen.storyboard */ = {
			isa = PBXVariantGroup;
			children = (
				2AD36FEA225E830A00AF7542 /* Base */,
			);
			name = LaunchScreen.storyboard;
			sourceTree = "<group>";
		};
/* End PBXVariantGroup section */

/* Begin XCBuildConfiguration section */
		2ABBDD88226FA1C300D4212C /* Debug */ = {
			isa = XCBuildConfiguration;
			buildSettings = {
				BUNDLE_LOADER = "$(TEST_HOST)";
				CODE_SIGN_STYLE = Automatic;
				DEVELOPMENT_TEAM = 6B3SHVL3L5;
				INFOPLIST_FILE = SwiftIslandTests/Info.plist;
				LD_RUNPATH_SEARCH_PATHS = (
					"$(inherited)",
					"@executable_path/Frameworks",
					"@loader_path/Frameworks",
				);
				PRODUCT_BUNDLE_IDENTIFIER = se.apptrix.SwiftIslandTests;
				PRODUCT_NAME = "$(TARGET_NAME)";
				SWIFT_VERSION = 5.0;
				TARGETED_DEVICE_FAMILY = "1,2";
				TEST_HOST = "$(BUILT_PRODUCTS_DIR)/SwiftIsland.app/SwiftIsland";
			};
			name = Debug;
		};
		2ABBDD89226FA1C300D4212C /* Release */ = {
			isa = XCBuildConfiguration;
			buildSettings = {
				BUNDLE_LOADER = "$(TEST_HOST)";
				CODE_SIGN_STYLE = Automatic;
				DEVELOPMENT_TEAM = 6B3SHVL3L5;
				INFOPLIST_FILE = SwiftIslandTests/Info.plist;
				LD_RUNPATH_SEARCH_PATHS = (
					"$(inherited)",
					"@executable_path/Frameworks",
					"@loader_path/Frameworks",
				);
				PRODUCT_BUNDLE_IDENTIFIER = se.apptrix.SwiftIslandTests;
				PRODUCT_NAME = "$(TARGET_NAME)";
				SWIFT_VERSION = 5.0;
				TARGETED_DEVICE_FAMILY = "1,2";
				TEST_HOST = "$(BUILT_PRODUCTS_DIR)/SwiftIsland.app/SwiftIsland";
			};
			name = Release;
		};
		2AD36FED225E830A00AF7542 /* Debug */ = {
			isa = XCBuildConfiguration;
			buildSettings = {
				ALWAYS_SEARCH_USER_PATHS = NO;
				CLANG_ANALYZER_NONNULL = YES;
				CLANG_ANALYZER_NUMBER_OBJECT_CONVERSION = YES_AGGRESSIVE;
				CLANG_CXX_LANGUAGE_STANDARD = "gnu++14";
				CLANG_CXX_LIBRARY = "libc++";
				CLANG_ENABLE_MODULES = YES;
				CLANG_ENABLE_OBJC_ARC = YES;
				CLANG_ENABLE_OBJC_WEAK = YES;
				CLANG_WARN_BLOCK_CAPTURE_AUTORELEASING = YES;
				CLANG_WARN_BOOL_CONVERSION = YES;
				CLANG_WARN_COMMA = YES;
				CLANG_WARN_CONSTANT_CONVERSION = YES;
				CLANG_WARN_DEPRECATED_OBJC_IMPLEMENTATIONS = YES;
				CLANG_WARN_DIRECT_OBJC_ISA_USAGE = YES_ERROR;
				CLANG_WARN_DOCUMENTATION_COMMENTS = YES;
				CLANG_WARN_EMPTY_BODY = YES;
				CLANG_WARN_ENUM_CONVERSION = YES;
				CLANG_WARN_INFINITE_RECURSION = YES;
				CLANG_WARN_INT_CONVERSION = YES;
				CLANG_WARN_NON_LITERAL_NULL_CONVERSION = YES;
				CLANG_WARN_OBJC_IMPLICIT_RETAIN_SELF = YES;
				CLANG_WARN_OBJC_LITERAL_CONVERSION = YES;
				CLANG_WARN_OBJC_ROOT_CLASS = YES_ERROR;
				CLANG_WARN_RANGE_LOOP_ANALYSIS = YES;
				CLANG_WARN_STRICT_PROTOTYPES = YES;
				CLANG_WARN_SUSPICIOUS_MOVE = YES;
				CLANG_WARN_UNGUARDED_AVAILABILITY = YES_AGGRESSIVE;
				CLANG_WARN_UNREACHABLE_CODE = YES;
				CLANG_WARN__DUPLICATE_METHOD_MATCH = YES;
				CODE_SIGN_IDENTITY = "iPhone Developer";
				COPY_PHASE_STRIP = NO;
				DEBUG_INFORMATION_FORMAT = dwarf;
				ENABLE_STRICT_OBJC_MSGSEND = YES;
				ENABLE_TESTABILITY = YES;
				GCC_C_LANGUAGE_STANDARD = gnu11;
				GCC_DYNAMIC_NO_PIC = NO;
				GCC_NO_COMMON_BLOCKS = YES;
				GCC_OPTIMIZATION_LEVEL = 0;
				GCC_PREPROCESSOR_DEFINITIONS = (
					"DEBUG=1",
					"$(inherited)",
				);
				GCC_WARN_64_TO_32_BIT_CONVERSION = YES;
				GCC_WARN_ABOUT_RETURN_TYPE = YES_ERROR;
				GCC_WARN_UNDECLARED_SELECTOR = YES;
				GCC_WARN_UNINITIALIZED_AUTOS = YES_AGGRESSIVE;
				GCC_WARN_UNUSED_FUNCTION = YES;
				GCC_WARN_UNUSED_VARIABLE = YES;
				IPHONEOS_DEPLOYMENT_TARGET = 12.0;
				MTL_ENABLE_DEBUG_INFO = INCLUDE_SOURCE;
				MTL_FAST_MATH = YES;
				ONLY_ACTIVE_ARCH = YES;
				OTHER_SWIFT_FLAGS = "$(inherited) -Xfrontend -debug-time-function-bodies -Xfrontend -warn-long-expression-type-checking=400 -Xfrontend -warn-long-function-bodies=400";
				SDKROOT = iphoneos;
				SWIFT_ACTIVE_COMPILATION_CONDITIONS = DEBUG;
				SWIFT_OPTIMIZATION_LEVEL = "-Onone";
				VERSIONING_SYSTEM = "apple-generic";
			};
			name = Debug;
		};
		2AD36FEE225E830A00AF7542 /* Release */ = {
			isa = XCBuildConfiguration;
			buildSettings = {
				ALWAYS_SEARCH_USER_PATHS = NO;
				CLANG_ANALYZER_NONNULL = YES;
				CLANG_ANALYZER_NUMBER_OBJECT_CONVERSION = YES_AGGRESSIVE;
				CLANG_CXX_LANGUAGE_STANDARD = "gnu++14";
				CLANG_CXX_LIBRARY = "libc++";
				CLANG_ENABLE_MODULES = YES;
				CLANG_ENABLE_OBJC_ARC = YES;
				CLANG_ENABLE_OBJC_WEAK = YES;
				CLANG_WARN_BLOCK_CAPTURE_AUTORELEASING = YES;
				CLANG_WARN_BOOL_CONVERSION = YES;
				CLANG_WARN_COMMA = YES;
				CLANG_WARN_CONSTANT_CONVERSION = YES;
				CLANG_WARN_DEPRECATED_OBJC_IMPLEMENTATIONS = YES;
				CLANG_WARN_DIRECT_OBJC_ISA_USAGE = YES_ERROR;
				CLANG_WARN_DOCUMENTATION_COMMENTS = YES;
				CLANG_WARN_EMPTY_BODY = YES;
				CLANG_WARN_ENUM_CONVERSION = YES;
				CLANG_WARN_INFINITE_RECURSION = YES;
				CLANG_WARN_INT_CONVERSION = YES;
				CLANG_WARN_NON_LITERAL_NULL_CONVERSION = YES;
				CLANG_WARN_OBJC_IMPLICIT_RETAIN_SELF = YES;
				CLANG_WARN_OBJC_LITERAL_CONVERSION = YES;
				CLANG_WARN_OBJC_ROOT_CLASS = YES_ERROR;
				CLANG_WARN_RANGE_LOOP_ANALYSIS = YES;
				CLANG_WARN_STRICT_PROTOTYPES = YES;
				CLANG_WARN_SUSPICIOUS_MOVE = YES;
				CLANG_WARN_UNGUARDED_AVAILABILITY = YES_AGGRESSIVE;
				CLANG_WARN_UNREACHABLE_CODE = YES;
				CLANG_WARN__DUPLICATE_METHOD_MATCH = YES;
				CODE_SIGN_IDENTITY = "iPhone Developer";
				COPY_PHASE_STRIP = NO;
				DEBUG_INFORMATION_FORMAT = "dwarf-with-dsym";
				ENABLE_NS_ASSERTIONS = NO;
				ENABLE_STRICT_OBJC_MSGSEND = YES;
				GCC_C_LANGUAGE_STANDARD = gnu11;
				GCC_NO_COMMON_BLOCKS = YES;
				GCC_WARN_64_TO_32_BIT_CONVERSION = YES;
				GCC_WARN_ABOUT_RETURN_TYPE = YES_ERROR;
				GCC_WARN_UNDECLARED_SELECTOR = YES;
				GCC_WARN_UNINITIALIZED_AUTOS = YES_AGGRESSIVE;
				GCC_WARN_UNUSED_FUNCTION = YES;
				GCC_WARN_UNUSED_VARIABLE = YES;
				IPHONEOS_DEPLOYMENT_TARGET = 12.0;
				MTL_ENABLE_DEBUG_INFO = NO;
				MTL_FAST_MATH = YES;
				SDKROOT = iphoneos;
				SWIFT_COMPILATION_MODE = wholemodule;
				SWIFT_OPTIMIZATION_LEVEL = "-O";
				VALIDATE_PRODUCT = YES;
				VERSIONING_SYSTEM = "apple-generic";
			};
			name = Release;
		};
		2AD36FF0225E830A00AF7542 /* Debug */ = {
			isa = XCBuildConfiguration;
			buildSettings = {
				ASSETCATALOG_COMPILER_APPICON_NAME = AppIcon;
				CODE_SIGN_STYLE = Automatic;
				DEVELOPMENT_TEAM = 6B3SHVL3L5;
				INFOPLIST_FILE = SwiftIsland/Info.plist;
				LD_RUNPATH_SEARCH_PATHS = (
					"$(inherited)",
					"@executable_path/Frameworks",
				);
				PRODUCT_BUNDLE_IDENTIFIER = nl.swiftisland.app;
				PRODUCT_NAME = "$(TARGET_NAME)";
				SWIFT_VERSION = 5.0;
				TARGETED_DEVICE_FAMILY = "1,2";
			};
			name = Debug;
		};
		2AD36FF1225E830A00AF7542 /* Release */ = {
			isa = XCBuildConfiguration;
			buildSettings = {
				ASSETCATALOG_COMPILER_APPICON_NAME = AppIcon;
				CODE_SIGN_STYLE = Automatic;
				DEVELOPMENT_TEAM = 6B3SHVL3L5;
				INFOPLIST_FILE = SwiftIsland/Info.plist;
				LD_RUNPATH_SEARCH_PATHS = (
					"$(inherited)",
					"@executable_path/Frameworks",
				);
				PRODUCT_BUNDLE_IDENTIFIER = nl.swiftisland.app;
				PRODUCT_NAME = "$(TARGET_NAME)";
				SWIFT_VERSION = 5.0;
				TARGETED_DEVICE_FAMILY = "1,2";
			};
			name = Release;
		};
/* End XCBuildConfiguration section */

/* Begin XCConfigurationList section */
		2ABBDD8A226FA1C300D4212C /* Build configuration list for PBXNativeTarget "SwiftIslandTests" */ = {
			isa = XCConfigurationList;
			buildConfigurations = (
				2ABBDD88226FA1C300D4212C /* Debug */,
				2ABBDD89226FA1C300D4212C /* Release */,
			);
			defaultConfigurationIsVisible = 0;
			defaultConfigurationName = Release;
		};
		2AD36FD8225E830800AF7542 /* Build configuration list for PBXProject "SwiftIsland" */ = {
			isa = XCConfigurationList;
			buildConfigurations = (
				2AD36FED225E830A00AF7542 /* Debug */,
				2AD36FEE225E830A00AF7542 /* Release */,
			);
			defaultConfigurationIsVisible = 0;
			defaultConfigurationName = Release;
		};
		2AD36FEF225E830A00AF7542 /* Build configuration list for PBXNativeTarget "SwiftIsland" */ = {
			isa = XCConfigurationList;
			buildConfigurations = (
				2AD36FF0225E830A00AF7542 /* Debug */,
				2AD36FF1225E830A00AF7542 /* Release */,
			);
			defaultConfigurationIsVisible = 0;
			defaultConfigurationName = Release;
		};
/* End XCConfigurationList section */
	};
	rootObject = 2AD36FD5225E830800AF7542 /* Project object */;
}
